{
  "_comment": "The upstream cvc5 reference for regression tests, checked-in baselines and historical measurements unless stated otherwise. This is not an analyzer version requirement: analysis accepts any selected checkout and records its actual revision and source contents. The test reference must be on cvc5/cvc5 main so others can reproduce it without our machine.",
  "cvc5": {
    "repo": "https://github.com/cvc5/cvc5",
    "branch": "main",
    "commit": "40a4bb7e43",
    "date": "2026-08-25"
  },
  "unpinned_measurements": {
    "_comment": "Numbers that could NOT be taken at the pinned commit, each with why. A runtime measurement needs a *build*, and we have no upstream build -- so these are the claims a reader cannot re-check by fetching the pin alone. Keep this list short; an entry here is a debt, not a licence. 8ead214f23 was dropped on 2026-09-19 when the document quoting it stopped naming it; the corpus binary 95bef9bc44 is still quoted and still a debt.",
    "95bef9bc44": "ajreynol/CVC4 branch with local modifications; the cvc5 binary that produced the corpus numbers. Re-run on a clean upstream build before quoting these upstream -- TODO t-2"
  },
  "historical": {
    "_comment": "Commits referenced only in retraction and history text, never as the basis of a published number. Each maps to the ONE document allowed to mention it, so the exemption cannot silently spread to a document that is quoting it as a measurement. Empty since 2026-09-19: the corrections that quoted a fork commit are no longer tracked in prose, so nothing needs the exemption. An entry is added only when a document genuinely has to name a commit that is not the pin."
  }
}
